Microsoft Visual Studio Solution File, Format Version 12.00
# Visual Studio Version 17
VisualStudioVersion = 17.5.2.0
MinimumVisualStudioVersion = 10.0.40219.1
Project("{2150E333-8FDC-42A3-9474-1A3956D46DE8}") = "Projects", "Projects", "{17245595-230B-9055-A944-863F0DDDA8E8}"
EndProject
Project("{2150E333-8FDC-42A3-9474-1A3956D46DE8}") = "01-BasicConsoleApps", "01-BasicConsoleApps", "{C5562A39-36BB-8D70-F40A-D45AF69A1AB6}"
EndProject
Project("{FAE04EC0-301F-11D3-BF4B-00C04F79EFBC}") = "CSharpPractice", "Projects\01-BasicConsoleApps\CSharpPractice\CSharpPractice.csproj", "{B877F003-9772-BEEF-227E-C202E238EDF2}"
EndProject
Project("{2150E333-8FDC-42A3-9474-1A3956D46DE8}") = "02-WebAPI-Projects", "02-WebAPI-Projects", "{EBCE9E10-B80F-AFB0-EB53-B9D20568D616}"
EndProject
Project("{FAE04EC0-301F-11D3-BF4B-00C04F79EFBC}") = "SampleWebAPI", "Projects\02-WebAPI-Projects\SampleWebAPI\SampleWebAPI.csproj", "{7E3414B2-1AF0-17F2-8CD4-6FFAD6B1EA66}"
EndProject
Global
	GlobalSection(SolutionConfigurationPlatforms) = preSolution
		Debug|Any CPU = Debug|Any CPU
		Release|Any CPU = Release|Any CPU
	EndGlobalSection
	GlobalSection(ProjectConfigurationPlatforms) = postSolution
		{B877F003-9772-BEEF-227E-C202E238EDF2}.Debug|Any CPU.ActiveCfg = Debug|Any CPU
		{B877F003-9772-BEEF-227E-C202E238EDF2}.Debug|Any CPU.Build.0 = Debug|Any CPU
		{B877F003-9772-BEEF-227E-C202E238EDF2}.Release|Any CPU.ActiveCfg = Release|Any CPU
		{B877F003-9772-BEEF-227E-C202E238EDF2}.Release|Any CPU.Build.0 = Release|Any CPU
		{7E3414B2-1AF0-17F2-8CD4-6FFAD6B1EA66}.Debug|Any CPU.ActiveCfg = Debug|Any CPU
		{7E3414B2-1AF0-17F2-8CD4-6FFAD6B1EA66}.Debug|Any CPU.Build.0 = Debug|Any CPU
		{7E3414B2-1AF0-17F2-8CD4-6FFAD6B1EA66}.Release|Any CPU.ActiveCfg = Release|Any CPU
		{7E3414B2-1AF0-17F2-8CD4-6FFAD6B1EA66}.Release|Any CPU.Build.0 = Release|Any CPU
	EndGlobalSection
	GlobalSection(SolutionProperties) = preSolution
		HideSolutionNode = FALSE
	EndGlobalSection
	GlobalSection(NestedProjects) = preSolution
		{C5562A39-36BB-8D70-F40A-D45AF69A1AB6} = {17245595-230B-9055-A944-863F0DDDA8E8}
		{B877F003-9772-BEEF-227E-C202E238EDF2} = {C5562A39-36BB-8D70-F40A-D45AF69A1AB6}
		{EBCE9E10-B80F-AFB0-EB53-B9D20568D616} = {17245595-230B-9055-A944-863F0DDDA8E8}
		{7E3414B2-1AF0-17F2-8CD4-6FFAD6B1EA66} = {EBCE9E10-B80F-AFB0-EB53-B9D20568D616}
	EndGlobalSection
	GlobalSection(ExtensibilityGlobals) = postSolution
		SolutionGuid = {EA7A97AE-D243-46E5-900F-D83309F9F3DB}
	EndGlobalSection
EndGlobal
